
Microsoft Visual Studio Solution File, Format Version 12.00
# Visual Studio 14
VisualStudioVersion = 14.0.25402.0
MinimumVisualStudioVersion = 10.0.40219.1
Project("{FAE04EC0-301F-11D3-BF4B-00C04F79EFBC}") = "AspNetWebApiSignalRDemo.WebApi", "AspNetWebApiSignalRDemo.WebApi\AspNetWebApiSignalRDemo.WebApi.csproj", "{7BD388C2-755C-48E8-969A-944FF8865106}"
EndProject
Project("{FAE04EC0-301F-11D3-BF4B-00C04F79EFBC}") = "AspNetWebApiSignalRDemo.WebApp", "AspNetWebApiSignalRDemo.WebApp\AspNetWebApiSignalRDemo.WebApp.csproj", "{608A6EBC-F53E-4C1D-A44D-7CD8D04F41DA}"
EndProject
Global
	GlobalSection(SolutionConfigurationPlatforms) = preSolution
		Debug|Any CPU = Debug|Any CPU
		Release|Any CPU = Release|Any CPU
	EndGlobalSection
	GlobalSection(ProjectConfigurationPlatforms) = postSolution
		{7BD388C2-755C-48E8-969A-944FF8865106}.Debug|Any CPU.ActiveCfg = Debug|Any CPU
		{7BD388C2-755C-48E8-969A-944FF8865106}.Debug|Any CPU.Build.0 = Debug|Any CPU
		{7BD388C2-755C-48E8-969A-944FF8865106}.Release|Any CPU.ActiveCfg = Release|Any CPU
		{7BD388C2-755C-48E8-969A-944FF8865106}.Release|Any CPU.Build.0 = Release|Any CPU
		{608A6EBC-F53E-4C1D-A44D-7CD8D04F41DA}.Debug|Any CPU.ActiveCfg = Debug|Any CPU
		{608A6EBC-F53E-4C1D-A44D-7CD8D04F41DA}.Debug|Any CPU.Build.0 = Debug|Any CPU
		{608A6EBC-F53E-4C1D-A44D-7CD8D04F41DA}.Release|Any CPU.ActiveCfg = Release|Any CPU
		{608A6EBC-F53E-4C1D-A44D-7CD8D04F41DA}.Release|Any CPU.Build.0 = Release|Any CPU
	EndGlobalSection
	GlobalSection(SolutionProperties) = preSolution
		HideSolutionNode = FALSE
	EndGlobalSection
EndGlobal
